
Microsoft Visual Studio Solution File, Format Version 12.00
# Visual Studio Version 16
VisualStudioVersion = 16.0.29609.76
MinimumVisualStudioVersion = 10.0.40219.1
Project("{FAE04EC0-301F-11D3-BF4B-00C04F79EFBC}") = "WorkerService", "WorkerService\WorkerService.csproj", "{BC12AA1E-8A5A-42E2-B5EC-993C76D7B262}"
EndProject
Global
	GlobalSection(SolutionConfigurationPlatforms) = preSolution
		Debug|Any CPU = Debug|Any CPU
		Release|Any CPU = Release|Any CPU
	EndGlobalSection
	GlobalSection(ProjectConfigurationPlatforms) = postSolution
		{BC12AA1E-8A5A-42E2-B5EC-993C76D7B262}.Debug|Any CPU.ActiveCfg = Debug|Any CPU
		{BC12AA1E-8A5A-42E2-B5EC-993C76D7B262}.Debug|Any CPU.Build.0 = Debug|Any CPU
		{BC12AA1E-8A5A-42E2-B5EC-993C76D7B262}.Release|Any CPU.ActiveCfg = Release|Any CPU
		{BC12AA1E-8A5A-42E2-B5EC-993C76D7B262}.Release|Any CPU.Build.0 = Release|Any CPU
	EndGlobalSection
	GlobalSection(SolutionProperties) = preSolution
		HideSolutionNode = FALSE
	EndGlobalSection
	GlobalSection(ExtensibilityGlobals) = postSolution
		SolutionGuid = {01ED9725-BBCE-4859-9CD5-45DBD07ED388}
	EndGlobalSection
EndGlobal
